
Microsoft Visual Studio Solution File, Format Version 12.00
# Visual Studio Version 17
VisualStudioVersion = 17.3.32922.545
MinimumVisualStudioVersion = 10.0.40219.1
Project("{9A19103F-16F7-4668-BE54-9A1E7A4F7556}") = "PaymentService", "PaymentService\PaymentService.csproj", "{868437E6-2B98-4633-9945-93CC214E6111}"
EndProject
Project("{9A19103F-16F7-4668-BE54-9A1E7A4F7556}") = "ValidationService", "ValidationService\ValidationService.csproj", "{8C19915D-017C-47A2-B531-1EB2B6DF94BA}"
EndProject
Project("{9A19103F-16F7-4668-BE54-9A1E7A4F7556}") = "ApiGateway", "ApiGateway\ApiGateway.csproj", "{85CCD564-EBEB-4329-BA5D-17E7D554C116}"
EndProject
Project("{9A19103F-16F7-4668-BE54-9A1E7A4F7556}") = "AuthorizationService", "AuthorizationService\AuthorizationService.csproj", "{9749C01F-BCA1-4E35-9E23-82716508EBE2}"
EndProject
Project("{2150E333-8FDC-42A3-9474-1A3956D46DE8}") = "Solution Items", "Solution Items", "{5F361FA6-20A7-4283-902E-614F83DF7FC7}"
	ProjectSection(SolutionItems) = preProject
		docker-compose.yml = docker-compose.yml
	EndProjectSection
EndProject
Global
	GlobalSection(SolutionConfigurationPlatforms) = preSolution
		Debug|Any CPU = Debug|Any CPU
		Release|Any CPU = Release|Any CPU
	EndGlobalSection
	GlobalSection(ProjectConfigurationPlatforms) = postSolution
		{868437E6-2B98-4633-9945-93CC214E6111}.Debug|Any CPU.ActiveCfg = Debug|Any CPU
		{868437E6-2B98-4633-9945-93CC214E6111}.Debug|Any CPU.Build.0 = Debug|Any CPU
		{868437E6-2B98-4633-9945-93CC214E6111}.Release|Any CPU.ActiveCfg = Release|Any CPU
		{868437E6-2B98-4633-9945-93CC214E6111}.Release|Any CPU.Build.0 = Release|Any CPU
		{8C19915D-017C-47A2-B531-1EB2B6DF94BA}.Debug|Any CPU.ActiveCfg = Debug|Any CPU
		{8C19915D-017C-47A2-B531-1EB2B6DF94BA}.Debug|Any CPU.Build.0 = Debug|Any CPU
		{8C19915D-017C-47A2-B531-1EB2B6DF94BA}.Release|Any CPU.ActiveCfg = Release|Any CPU
		{8C19915D-017C-47A2-B531-1EB2B6DF94BA}.Release|Any CPU.Build.0 = Release|Any CPU
		{85CCD564-EBEB-4329-BA5D-17E7D554C116}.Debug|Any CPU.ActiveCfg = Debug|Any CPU
		{85CCD564-EBEB-4329-BA5D-17E7D554C116}.Debug|Any CPU.Build.0 = Debug|Any CPU
		{85CCD564-EBEB-4329-BA5D-17E7D554C116}.Release|Any CPU.ActiveCfg = Release|Any CPU
		{85CCD564-EBEB-4329-BA5D-17E7D554C116}.Release|Any CPU.Build.0 = Release|Any CPU
		{9749C01F-BCA1-4E35-9E23-82716508EBE2}.Debug|Any CPU.ActiveCfg = Debug|Any CPU
		{9749C01F-BCA1-4E35-9E23-82716508EBE2}.Debug|Any CPU.Build.0 = Debug|Any CPU
		{9749C01F-BCA1-4E35-9E23-82716508EBE2}.Release|Any CPU.ActiveCfg = Release|Any CPU
		{9749C01F-BCA1-4E35-9E23-82716508EBE2}.Release|Any CPU.Build.0 = Release|Any CPU
	EndGlobalSection
	GlobalSection(SolutionProperties) = preSolution
		HideSolutionNode = FALSE
	EndGlobalSection
	GlobalSection(ExtensibilityGlobals) = postSolution
		SolutionGuid = {7B8B9CE7-607B-49C4-9CA9-34246947C603}
	EndGlobalSection
EndGlobal
